// !$*UTF8*$!
{
	archiveVersion = 1;
	classes = {
	};
	objectVersion = 55;
	objects = {

/* Begin PBXBuildFile section */
		7B21323C28AC573E009139CC /* AppDelegate.swift in Sources */ = {isa = PBXBuildFile; fileRef = 7B21323B28AC573E009139CC /* AppDelegate.swift */; };
		7B21323E28AC573E009139CC /* SceneDelegate.swift in Sources */ = {isa = PBXBuildFile; fileRef = 7B21323D28AC573E009139CC /* SceneDelegate.swift */; };
		7B21324328AC573E009139CC /* Main.storyboard in Resources */ = {isa = PBXBuildFile; fileRef = 7B21324128AC573E009139CC /* Main.storyboard */; };
		7B21324528AC5740009139CC /* Assets.xcassets in Resources */ = {isa = PBXBuildFile; fileRef = 7B21324428AC5740009139CC /* Assets.xcassets */; };
		7B21324828AC5740009139CC /* LaunchScreen.storyboard in Resources */ = {isa = PBXBuildFile; fileRef = 7B21324628AC5740009139CC /* LaunchScreen.storyboard */; };
		7B21325428AC5AB4009139CC /* LoginViewController.swift in Sources */ = {isa = PBXBuildFile; fileRef = 7B21325328AC5AB4009139CC /* LoginViewController.swift */; };
		7B21325628AC5D86009139CC /* TVShowsViewController.swift in Sources */ = {isa = PBXBuildFile; fileRef = 7B21325528AC5D86009139CC /* TVShowsViewController.swift */; };
		7B21325828AC65D8009139CC /* LoginModelProtocol.swift in Sources */ = {isa = PBXBuildFile; fileRef = 7B21325728AC65D8009139CC /* LoginModelProtocol.swift */; };
		7B21325A28AC673D009139CC /* LoginPresenter.swift in Sources */ = {isa = PBXBuildFile; fileRef = 7B21325928AC673D009139CC /* LoginPresenter.swift */; };
		7B21325C28AC7AF1009139CC /* GoogleService-Info.plist in Resources */ = {isa = PBXBuildFile; fileRef = 7B21325B28AC7AF1009139CC /* GoogleService-Info.plist */; };
		7B21325F28AC7E62009139CC /* FirebaseAnalytics in Frameworks */ = {isa = PBXBuildFile; productRef = 7B21325E28AC7E62009139CC /* FirebaseAnalytics */; };
		7B21326128AC7E62009139CC /* FirebaseAnalyticsOnDeviceConversion in Frameworks */ = {isa = PBXBuildFile; productRef = 7B21326028AC7E62009139CC /* FirebaseAnalyticsOnDeviceConversion */; };
		7B21326328AC7E62009139CC /* FirebaseAnalyticsSwift in Frameworks */ = {isa = PBXBuildFile; productRef = 7B21326228AC7E62009139CC /* FirebaseAnalyticsSwift */; };
		7B21326528AC7E62009139CC /* FirebaseDatabase in Frameworks */ = {isa = PBXBuildFile; productRef = 7B21326428AC7E62009139CC /* FirebaseDatabase */; };
		7B21326728AC7E62009139CC /* FirebaseDatabaseSwift in Frameworks */ = {isa = PBXBuildFile; productRef = 7B21326628AC7E62009139CC /* FirebaseDatabaseSwift */; };
		7B21326A28AC8468009139CC /* FirebaseAuth in Frameworks */ = {isa = PBXBuildFile; productRef = 7B21326928AC8468009139CC /* FirebaseAuth */; };
		7B21326C28AC8468009139CC /* FirebaseAuthCombine-Community in Frameworks */ = {isa = PBXBuildFile; productRef = 7B21326B28AC8468009139CC /* FirebaseAuthCombine-Community */; };
		7B2132AB28AD1B12009139CC /* MoviesModel.swift in Sources */ = {isa = PBXBuildFile; fileRef = 7B2132AA28AD1B12009139CC /* MoviesModel.swift */; };
		7B5FA51428ADE85A0092D1C3 /* FavoriteCollectionViewCell.swift in Sources */ = {isa = PBXBuildFile; fileRef = 7B5FA51328ADE85A0092D1C3 /* FavoriteCollectionViewCell.swift */; };
		7B5FA51628ADE8A70092D1C3 /* PerfilViewControllerExtension.swift in Sources */ = {isa = PBXBuildFile; fileRef = 7B5FA51528ADE8A70092D1C3 /* PerfilViewControllerExtension.swift */; };
		7BAE056028AD94B500904536 /* MovieCollectionViewCell.swift in Sources */ = {isa = PBXBuildFile; fileRef = 7BAE055F28AD94B500904536 /* MovieCollectionViewCell.swift */; };
		7BAE056228ADC66600904536 /* PerfilViewController.swift in Sources */ = {isa = PBXBuildFile; fileRef = 7BAE056128ADC66600904536 /* PerfilViewController.swift */; };
		7BEDBFA728AD5BDF006A7E30 /* TVShowsViewControllerExtension.swift in Sources */ = {isa = PBXBuildFile; fileRef = 7BEDBFA628AD5BDF006A7E30 /* TVShowsViewControllerExtension.swift */; };
		7BEDBFA928AD6753006A7E30 /* InfoViewController.swift in Sources */ = {isa = PBXBuildFile; fileRef = 7BEDBFA828AD6753006A7E30 /* InfoViewController.swift */; };
/* End PBXBuildFile section */

/* Begin PBXFileReference section */
		7B21323828AC573E009139CC /* TheMovieDB.app */ = {isa = PBXFileReference; explicitFileType = wrapper.application; includeInIndex = 0; path = TheMovieDB.app; sourceTree = BUILT_PRODUCTS_DIR; };
		7B21323B28AC573E009139CC /* AppDelegate.swift */ = {isa = PBXFileReference; lastKnownFileType = sourcecode.swift; path = AppDelegate.swift; sourceTree = "<group>"; };
		7B21323D28AC573E009139CC /* SceneDelegate.swift */ = {isa = PBXFileReference; lastKnownFileType = sourcecode.swift; path = SceneDelegate.swift; sourceTree = "<group>"; };
		7B21324228AC573E009139CC /* Base */ = {isa = PBXFileReference; lastKnownFileType = file.storyboard; name = Base; path = Base.lproj/Main.storyboard; sourceTree = "<group>"; };
		7B21324428AC5740009139CC /* Assets.xcassets */ = {isa = PBXFileReference; lastKnownFileType = folder.assetcatalog; path = Assets.xcassets; sourceTree = "<group>"; };
		7B21324728AC5740009139CC /* Base */ = {isa = PBXFileReference; lastKnownFileType = file.storyboard; name = Base; path = Base.lproj/LaunchScreen.storyboard; sourceTree = "<group>"; };
		7B21324928AC5740009139CC /* Info.plist */ = {isa = PBXFileReference; lastKnownFileType = text.plist.xml; path = Info.plist; sourceTree = "<group>"; };
		7B21325328AC5AB4009139CC /* LoginViewController.swift */ = {isa = PBXFileReference; lastKnownFileType = sourcecode.swift; path = LoginViewController.swift; sourceTree = "<group>"; };
		7B21325528AC5D86009139CC /* TVShowsViewController.swift */ = {isa = PBXFileReference; lastKnownFileType = sourcecode.swift; path = TVShowsViewController.swift; sourceTree = "<group>"; };
		7B21325728AC65D8009139CC /* LoginModelProtocol.swift */ = {isa = PBXFileReference; lastKnownFileType = sourcecode.swift; path = LoginModelProtocol.swift; sourceTree = "<group>"; };
		7B21325928AC673D009139CC /* LoginPresenter.swift */ = {isa = PBXFileReference; lastKnownFileType = sourcecode.swift; path = LoginPresenter.swift; sourceTree = "<group>"; };
		7B21325B28AC7AF1009139CC /* GoogleService-Info.plist */ = {isa = PBXFileReference; fileEncoding = 4; lastKnownFileType = text.plist.xml; name = "GoogleService-Info.plist"; path = "../../../../Downloads/GoogleService-Info.plist"; sourceTree = "<group>"; };
		7B2132AA28AD1B12009139CC /* MoviesModel.swift */ = {isa = PBXFileReference; lastKnownFileType = sourcecode.swift; path = MoviesModel.swift; sourceTree = "<group>"; };
		7B5FA51328ADE85A0092D1C3 /* FavoriteCollectionViewCell.swift */ = {isa = PBXFileReference; lastKnownFileType = sourcecode.swift; path = FavoriteCollectionViewCell.swift; sourceTree = "<group>"; };
		7B5FA51528ADE8A70092D1C3 /* PerfilViewControllerExtension.swift */ = {isa = PBXFileReference; lastKnownFileType = sourcecode.swift; path = PerfilViewControllerExtension.swift; sourceTree = "<group>"; };
		7BAE055F28AD94B500904536 /* MovieCollectionViewCell.swift */ = {isa = PBXFileReference; lastKnownFileType = sourcecode.swift; path = MovieCollectionViewCell.swift; sourceTree = "<group>"; };
		7BAE056128ADC66600904536 /* PerfilViewController.swift */ = {isa = PBXFileReference; lastKnownFileType = sourcecode.swift; path = PerfilViewController.swift; sourceTree = "<group>"; };
		7BEDBFA628AD5BDF006A7E30 /* TVShowsViewControllerExtension.swift */ = {isa = PBXFileReference; lastKnownFileType = sourcecode.swift; path = TVShowsViewControllerExtension.swift; sourceTree = "<group>"; };
		7BEDBFA828AD6753006A7E30 /* InfoViewController.swift */ = {isa = PBXFileReference; lastKnownFileType = sourcecode.swift; path = InfoViewController.swift; sourceTree = "<group>"; };
/* End PBXFileReference section */

/* Begin PBXFrameworksBuildPhase section */
		7B21323528AC573E009139CC /* Frameworks */ = {
			isa = PBXFrameworksBuildPhase;
			buildActionMask = 2147483647;
			files = (
				7B21326728AC7E62009139CC /* FirebaseDatabaseSwift in Frameworks */,
				7B21326A28AC8468009139CC /* FirebaseAuth in Frameworks */,
				7B21326328AC7E62009139CC /* FirebaseAnalyticsSwift in Frameworks */,
				7B21325F28AC7E62009139CC /* FirebaseAnalytics in Frameworks */,
				7B21326528AC7E62009139CC /* FirebaseDatabase in Frameworks */,
				7B21326C28AC8468009139CC /* FirebaseAuthCombine-Community in Frameworks */,
				7B21326128AC7E62009139CC /* FirebaseAnalyticsOnDeviceConversion in Frameworks */,
			);
			runOnlyForDeploymentPostprocessing = 0;
		};
/* End PBXFrameworksBuildPhase section */

/* Begin PBXGroup section */
		7B21322F28AC573E009139CC = {
			isa = PBXGroup;
			children = (
				7B21323A28AC573E009139CC /* TheMovieDB */,
				7B21323928AC573E009139CC /* Products */,
			);
			sourceTree = "<group>";
		};
		7B21323928AC573E009139CC /* Products */ = {
			isa = PBXGroup;
			children = (
				7B21323828AC573E009139CC /* TheMovieDB.app */,
			);
			name = Products;
			sourceTree = "<group>";
		};
		7B21323A28AC573E009139CC /* TheMovieDB */ = {
			isa = PBXGroup;
			children = (
				7B21323B28AC573E009139CC /* AppDelegate.swift */,
				7B21323D28AC573E009139CC /* SceneDelegate.swift */,
				7B21325228AC576D009139CC /* Presenter */,
				7B21325128AC5767009139CC /* Model */,
				7B21325028AC575C009139CC /* Controller */,
				7B21324F28AC574A009139CC /* View */,
				7BEDBFA528AD5BB8006A7E30 /* Extensions */,
				7B21324428AC5740009139CC /* Assets.xcassets */,
				7B21324928AC5740009139CC /* Info.plist */,
				7B21325B28AC7AF1009139CC /* GoogleService-Info.plist */,
			);
			path = TheMovieDB;
			sourceTree = "<group>";
		};
		7B21324F28AC574A009139CC /* View */ = {
			isa = PBXGroup;
			children = (
				7B21324628AC5740009139CC /* LaunchScreen.storyboard */,
				7B21324128AC573E009139CC /* Main.storyboard */,
			);
			path = View;
			sourceTree = "<group>";
		};
		7B21325028AC575C009139CC /* Controller */ = {
			isa = PBXGroup;
			children = (
				7B85230028AD22AF004DBBFF /* ShowsCell */,
				7B21325328AC5AB4009139CC /* LoginViewController.swift */,
				7B21325528AC5D86009139CC /* TVShowsViewController.swift */,
				7BEDBFA828AD6753006A7E30 /* InfoViewController.swift */,
				7BAE056128ADC66600904536 /* PerfilViewController.swift */,
			);
			path = Controller;
			sourceTree = "<group>";
		};
		7B21325128AC5767009139CC /* Model */ = {
			isa = PBXGroup;
			children = (
				7B21325728AC65D8009139CC /* LoginModelProtocol.swift */,
				7B2132AA28AD1B12009139CC /* MoviesModel.swift */,
			);
			path = Model;
			sourceTree = "<group>";
		};
		7B21325228AC576D009139CC /* Presenter */ = {
			isa = PBXGroup;
			children = (
				7B21325928AC673D009139CC /* LoginPresenter.swift */,
			);
			path = Presenter;
			sourceTree = "<group>";
		};
		7B85230028AD22AF004DBBFF /* ShowsCell */ = {
			isa = PBXGroup;
			children = (
				7BAE055F28AD94B500904536 /* MovieCollectionViewCell.swift */,
				7B5FA51328ADE85A0092D1C3 /* FavoriteCollectionViewCell.swift */,
			);
			path = ShowsCell;
			sourceTree = "<group>";
		};
		7BEDBFA528AD5BB8006A7E30 /* Extensions */ = {
			isa = PBXGroup;
			children = (
				7BEDBFA628AD5BDF006A7E30 /* TVShowsViewControllerExtension.swift */,
				7B5FA51528ADE8A70092D1C3 /* PerfilViewControllerExtension.swift */,
			);
			path = Extensions;
			sourceTree = "<group>";
		};
/* End PBXGroup section */

/* Begin PBXNativeTarget section */
		7B21323728AC573E009139CC /* TheMovieDB */ = {
			isa = PBXNativeTarget;
			buildConfigurationList = 7B21324C28AC5740009139CC /* Build configuration list for PBXNativeTarget "TheMovieDB" */;
			buildPhases = (
				7B21323428AC573E009139CC /* Sources */,
				7B21323528AC573E009139CC /* Frameworks */,
				7B21323628AC573E009139CC /* Resources */,
			);
			buildRules = (
			);
			dependencies = (
			);
			name = TheMovieDB;
			packageProductDependencies = (
				7B21325E28AC7E62009139CC /* FirebaseAnalytics */,
				7B21326028AC7E62009139CC /* FirebaseAnalyticsOnDeviceConversion */,
				7B21326228AC7E62009139CC /* FirebaseAnalyticsSwift */,
				7B21326428AC7E62009139CC /* FirebaseDatabase */,
				7B21326628AC7E62009139CC /* FirebaseDatabaseSwift */,
				7B21326928AC8468009139CC /* FirebaseAuth */,
				7B21326B28AC8468009139CC /* FirebaseAuthCombine-Community */,
			);
			productName = TheMovieDB;
			productReference = 7B21323828AC573E009139CC /* TheMovieDB.app */;
			productType = "com.apple.product-type.application";
		};
/* End PBXNativeTarget section */

/* Begin PBXProject section */
		7B21323028AC573E009139CC /* Project object */ = {
			isa = PBXProject;
			attributes = {
				BuildIndependentTargetsInParallel = 1;
				LastSwiftUpdateCheck = 1340;
				LastUpgradeCheck = 1340;
				TargetAttributes = {
					7B21323728AC573E009139CC = {
						CreatedOnToolsVersion = 13.4.1;
					};
				};
			};
			buildConfigurationList = 7B21323328AC573E009139CC /* Build configuration list for PBXProject "TheMovieDB" */;
			compatibilityVersion = "Xcode 13.0";
			developmentRegion = en;
			hasScannedForEncodings = 0;
			knownRegions = (
				en,
				Base,
			);
			mainGroup = 7B21322F28AC573E009139CC;
			packageReferences = (
				7B21325D28AC7E62009139CC /* XCRemoteSwiftPackageReference "firebase-ios-sdk" */,
				7B21326828AC8468009139CC /* XCRemoteSwiftPackageReference "firebase-ios-sdk" */,
			);
			productRefGroup = 7B21323928AC573E009139CC /* Products */;
			projectDirPath = "";
			projectRoot = "";
			targets = (
				7B21323728AC573E009139CC /* TheMovieDB */,
			);
		};
/* End PBXProject section */

/* Begin PBXResourcesBuildPhase section */
		7B21323628AC573E009139CC /* Resources */ = {
			isa = PBXResourcesBuildPhase;
			buildActionMask = 2147483647;
			files = (
				7B21324828AC5740009139CC /* LaunchScreen.storyboard in Resources */,
				7B21325C28AC7AF1009139CC /* GoogleService-Info.plist in Resources */,
				7B21324528AC5740009139CC /* Assets.xcassets in Resources */,
				7B21324328AC573E009139CC /* Main.storyboard in Resources */,
			);
			runOnlyForDeploymentPostprocessing = 0;
		};
/* End PBXResourcesBuildPhase section */

/* Begin PBXSourcesBuildPhase section */
		7B21323428AC573E009139CC /* Sources */ = {
			isa = PBXSourcesBuildPhase;
			buildActionMask = 2147483647;
			files = (
				7B5FA51628ADE8A70092D1C3 /* PerfilViewControllerExtension.swift in Sources */,
				7BEDBFA928AD6753006A7E30 /* InfoViewController.swift in Sources */,
				7B21325428AC5AB4009139CC /* LoginViewController.swift in Sources */,
				7B2132AB28AD1B12009139CC /* MoviesModel.swift in Sources */,
				7B21325828AC65D8009139CC /* LoginModelProtocol.swift in Sources */,
				7B5FA51428ADE85A0092D1C3 /* FavoriteCollectionViewCell.swift in Sources */,
				7BEDBFA728AD5BDF006A7E30 /* TVShowsViewControllerExtension.swift in Sources */,
				7B21325A28AC673D009139CC /* LoginPresenter.swift in Sources */,
				7BAE056228ADC66600904536 /* PerfilViewController.swift in Sources */,
				7B21325628AC5D86009139CC /* TVShowsViewController.swift in Sources */,
				7BAE056028AD94B500904536 /* MovieCollectionViewCell.swift in Sources */,
				7B21323C28AC573E009139CC /* AppDelegate.swift in Sources */,
				7B21323E28AC573E009139CC /* SceneDelegate.swift in Sources */,
			);
			runOnlyForDeploymentPostprocessing = 0;
		};
/* End PBXSourcesBuildPhase section */

/* Begin PBXVariantGroup section */
		7B21324128AC573E009139CC /* Main.storyboard */ = {
			isa = PBXVariantGroup;
			children = (
				7B21324228AC573E009139CC /* Base */,
			);
			name = Main.storyboard;
			sourceTree = "<group>";
		};
		7B21324628AC5740009139CC /* LaunchScreen.storyboard */ = {
			isa = PBXVariantGroup;
			children = (
				7B21324728AC5740009139CC /* Base */,
			);
			name = LaunchScreen.storyboard;
			sourceTree = "<group>";
		};
/* End PBXVariantGroup section */

/* Begin XCBuildConfiguration section */
		7B21324A28AC5740009139CC /* Debug */ = {
			isa = XCBuildConfiguration;
			buildSettings = {
				ALWAYS_SEARCH_USER_PATHS = NO;
				CLANG_ANALYZER_NONNULL = YES;
				CLANG_ANALYZER_NUMBER_OBJECT_CONVERSION = YES_AGGRESSIVE;
				CLANG_CXX_LANGUAGE_STANDARD = "gnu++17";
				CLANG_ENABLE_MODULES = YES;
				CLANG_ENABLE_OBJC_ARC = YES;
				CLANG_ENABLE_OBJC_WEAK = YES;
				CLANG_WARN_BLOCK_CAPTURE_AUTORELEASING = YES;
				CLANG_WARN_BOOL_CONVERSION = YES;
				CLANG_WARN_COMMA = YES;
				CLANG_WARN_CONSTANT_CONVERSION = YES;
				CLANG_WARN_DEPRECATED_OBJC_IMPLEMENTATIONS = YES;
				CLANG_WARN_DIRECT_OBJC_ISA_USAGE = YES_ERROR;
				CLANG_WARN_DOCUMENTATION_COMMENTS = YES;
				CLANG_WARN_EMPTY_BODY = YES;
				CLANG_WARN_ENUM_CONVERSION = YES;
				CLANG_WARN_INFINITE_RECURSION = YES;
				CLANG_WARN_INT_CONVERSION = YES;
				CLANG_WARN_NON_LITERAL_NULL_CONVERSION = YES;
				CLANG_WARN_OBJC_IMPLICIT_RETAIN_SELF = YES;
				CLANG_WARN_OBJC_LITERAL_CONVERSION = YES;
				CLANG_WARN_OBJC_ROOT_CLASS = YES_ERROR;
				CLANG_WARN_QUOTED_INCLUDE_IN_FRAMEWORK_HEADER = YES;
				CLANG_WARN_RANGE_LOOP_ANALYSIS = YES;
				CLANG_WARN_STRICT_PROTOTYPES = YES;
				CLANG_WARN_SUSPICIOUS_MOVE = YES;
				CLANG_WARN_UNGUARDED_AVAILABILITY = YES_AGGRESSIVE;
				CLANG_WARN_UNREACHABLE_CODE = YES;
				CLANG_WARN__DUPLICATE_METHOD_MATCH = YES;
				COPY_PHASE_STRIP = NO;
				DEBUG_INFORMATION_FORMAT = dwarf;
				ENABLE_STRICT_OBJC_MSGSEND = YES;
				ENABLE_TESTABILITY = YES;
				GCC_C_LANGUAGE_STANDARD = gnu11;
				GCC_DYNAMIC_NO_PIC = NO;
				GCC_NO_COMMON_BLOCKS = YES;
				GCC_OPTIMIZATION_LEVEL = 0;
				GCC_PREPROCESSOR_DEFINITIONS = (
					"DEBUG=1",
					"$(inherited)",
				);
				GCC_WARN_64_TO_32_BIT_CONVERSION = YES;
				GCC_WARN_ABOUT_RETURN_TYPE = YES_ERROR;
				GCC_WARN_UNDECLARED_SELECTOR = YES;
				GCC_WARN_UNINITIALIZED_AUTOS = YES_AGGRESSIVE;
				GCC_WARN_UNUSED_FUNCTION = YES;
				GCC_WARN_UNUSED_VARIABLE = YES;
				IPHONEOS_DEPLOYMENT_TARGET = 15.5;
				MTL_ENABLE_DEBUG_INFO = INCLUDE_SOURCE;
				MTL_FAST_MATH = YES;
				ONLY_ACTIVE_ARCH = YES;
				SDKROOT = iphoneos;
				SWIFT_ACTIVE_COMPILATION_CONDITIONS = DEBUG;
				SWIFT_OPTIMIZATION_LEVEL = "-Onone";
			};
			name = Debug;
		};
		7B21324B28AC5740009139CC /* Release */ = {
			isa = XCBuildConfiguration;
			buildSettings = {
				ALWAYS_SEARCH_USER_PATHS = NO;
				CLANG_ANALYZER_NONNULL = YES;
				CLANG_ANALYZER_NUMBER_OBJECT_CONVERSION = YES_AGGRESSIVE;
				CLANG_CXX_LANGUAGE_STANDARD = "gnu++17";
				CLANG_ENABLE_MODULES = YES;
				CLANG_ENABLE_OBJC_ARC = YES;
				CLANG_ENABLE_OBJC_WEAK = YES;
				CLANG_WARN_BLOCK_CAPTURE_AUTORELEASING = YES;
				CLANG_WARN_BOOL_CONVERSION = YES;
				CLANG_WARN_COMMA = YES;
				CLANG_WARN_CONSTANT_CONVERSION = YES;
				CLANG_WARN_DEPRECATED_OBJC_IMPLEMENTATIONS = YES;
				CLANG_WARN_DIRECT_OBJC_ISA_USAGE = YES_ERROR;
				CLANG_WARN_DOCUMENTATION_COMMENTS = YES;
				CLANG_WARN_EMPTY_BODY = YES;
				CLANG_WARN_ENUM_CONVERSION = YES;
				CLANG_WARN_INFINITE_RECURSION = YES;
				CLANG_WARN_INT_CONVERSION = YES;
				CLANG_WARN_NON_LITERAL_NULL_CONVERSION = YES;
				CLANG_WARN_OBJC_IMPLICIT_RETAIN_SELF = YES;
				CLANG_WARN_OBJC_LITERAL_CONVERSION = YES;
				CLANG_WARN_OBJC_ROOT_CLASS = YES_ERROR;
				CLANG_WARN_QUOTED_INCLUDE_IN_FRAMEWORK_HEADER = YES;
				CLANG_WARN_RANGE_LOOP_ANALYSIS = YES;
				CLANG_WARN_STRICT_PROTOTYPES = YES;
				CLANG_WARN_SUSPICIOUS_MOVE = YES;
				CLANG_WARN_UNGUARDED_AVAILABILITY = YES_AGGRESSIVE;
				CLANG_WARN_UNREACHABLE_CODE = YES;
				CLANG_WARN__DUPLICATE_METHOD_MATCH = YES;
				COPY_PHASE_STRIP = NO;
				DEBUG_INFORMATION_FORMAT = "dwarf-with-dsym";
				ENABLE_NS_ASSERTIONS = NO;
				ENABLE_STRICT_OBJC_MSGSEND = YES;
				GCC_C_LANGUAGE_STANDARD = gnu11;
				GCC_NO_COMMON_BLOCKS = YES;
				GCC_WARN_64_TO_32_BIT_CONVERSION = YES;
				GCC_WARN_ABOUT_RETURN_TYPE = YES_ERROR;
				GCC_WARN_UNDECLARED_SELECTOR = YES;
				GCC_WARN_UNINITIALIZED_AUTOS = YES_AGGRESSIVE;
				GCC_WARN_UNUSED_FUNCTION = YES;
				GCC_WARN_UNUSED_VARIABLE = YES;
				IPHONEOS_DEPLOYMENT_TARGET = 15.5;
				MTL_ENABLE_DEBUG_INFO = NO;
				MTL_FAST_MATH = YES;
				SDKROOT = iphoneos;
				SWIFT_COMPILATION_MODE = wholemodule;
				SWIFT_OPTIMIZATION_LEVEL = "-O";
				VALIDATE_PRODUCT = YES;
			};
			name = Release;
		};
		7B21324D28AC5740009139CC /* Debug */ = {
			isa = XCBuildConfiguration;
			buildSettings = {
				ASSETCATALOG_COMPILER_APPICON_NAME = AppIcon;
				ASSETCATALOG_COMPILER_GLOBAL_ACCENT_COLOR_NAME = AccentColor;
				CODE_SIGN_STYLE = Automatic;
				CURRENT_PROJECT_VERSION = 1;
				DEVELOPMENT_TEAM = 8TUEE28Y3U;
				GENERATE_INFOPLIST_FILE = YES;
				INFOPLIST_FILE = TheMovieDB/Info.plist;
				INFOPLIST_KEY_UIApplicationSupportsIndirectInputEvents = YES;
				INFOPLIST_KEY_UILaunchStoryboardName = LaunchScreen;
				INFOPLIST_KEY_UIMainStoryboardFile = Main;
				INFOPLIST_KEY_UISupportedInterfaceOrientations_iPad = "UIInterfaceOrientationPortrait UIInterfaceOrientationPortraitUpsideDown UIInterfaceOrientationLandscapeLeft UIInterfaceOrientationLandscapeRight";
				INFOPLIST_KEY_UISupportedInterfaceOrientations_iPhone = "UIInterfaceOrientationPortrait UIInterfaceOrientationLandscapeLeft UIInterfaceOrientationLandscapeRight";
				LD_RUNPATH_SEARCH_PATHS = (
					"$(inherited)",
					"@executable_path/Frameworks",
				);
				MARKETING_VERSION = 1.0;
				PRODUCT_BUNDLE_IDENTIFIER = dai.TheMovieDB;
				PRODUCT_NAME = "$(TARGET_NAME)";
				SWIFT_EMIT_LOC_STRINGS = YES;
				SWIFT_VERSION = 5.0;
				TARGETED_DEVICE_FAMILY = "1,2";
			};
			name = Debug;
		};
		7B21324E28AC5740009139CC /* Release */ = {
			isa = XCBuildConfiguration;
			buildSettings = {
				ASSETCATALOG_COMPILER_APPICON_NAME = AppIcon;
				ASSETCATALOG_COMPILER_GLOBAL_ACCENT_COLOR_NAME = AccentColor;
				CODE_SIGN_STYLE = Automatic;
				CURRENT_PROJECT_VERSION = 1;
				DEVELOPMENT_TEAM = 8TUEE28Y3U;
				GENERATE_INFOPLIST_FILE = YES;
				INFOPLIST_FILE = TheMovieDB/Info.plist;
				INFOPLIST_KEY_UIApplicationSupportsIndirectInputEvents = YES;
				INFOPLIST_KEY_UILaunchStoryboardName = LaunchScreen;
				INFOPLIST_KEY_UIMainStoryboardFile = Main;
				INFOPLIST_KEY_UISupportedInterfaceOrientations_iPad = "UIInterfaceOrientationPortrait UIInterfaceOrientationPortraitUpsideDown UIInterfaceOrientationLandscapeLeft UIInterfaceOrientationLandscapeRight";
				INFOPLIST_KEY_UISupportedInterfaceOrientations_iPhone = "UIInterfaceOrientationPortrait UIInterfaceOrientationLandscapeLeft UIInterfaceOrientationLandscapeRight";
				LD_RUNPATH_SEARCH_PATHS = (
					"$(inherited)",
					"@executable_path/Frameworks",
				);
				MARKETING_VERSION = 1.0;
				PRODUCT_BUNDLE_IDENTIFIER = dai.TheMovieDB;
				PRODUCT_NAME = "$(TARGET_NAME)";
				SWIFT_EMIT_LOC_STRINGS = YES;
				SWIFT_VERSION = 5.0;
				TARGETED_DEVICE_FAMILY = "1,2";
			};
			name = Release;
		};
/* End XCBuildConfiguration section */

/* Begin XCConfigurationList section */
		7B21323328AC573E009139CC /* Build configuration list for PBXProject "TheMovieDB" */ = {
			isa = XCConfigurationList;
			buildConfigurations = (
				7B21324A28AC5740009139CC /* Debug */,
				7B21324B28AC5740009139CC /* Release */,
			);
			defaultConfigurationIsVisible = 0;
			defaultConfigurationName = Release;
		};
		7B21324C28AC5740009139CC /* Build configuration list for PBXNativeTarget "TheMovieDB" */ = {
			isa = XCConfigurationList;
			buildConfigurations = (
				7B21324D28AC5740009139CC /* Debug */,
				7B21324E28AC5740009139CC /* Release */,
			);
			defaultConfigurationIsVisible = 0;
			defaultConfigurationName = Release;
		};
/* End XCConfigurationList section */

/* Begin XCRemoteSwiftPackageReference section */
		7B21325D28AC7E62009139CC /* XCRemoteSwiftPackageReference "firebase-ios-sdk" */ = {
			isa = XCRemoteSwiftPackageReference;
			repositoryURL = "https://github.com/firebase/firebase-ios-sdk";
			requirement = {
				branch = master;
				kind = branch;
			};
		};
		7B21326828AC8468009139CC /* XCRemoteSwiftPackageReference "firebase-ios-sdk" */ = {
			isa = XCRemoteSwiftPackageReference;
			repositoryURL = "https://github.com/firebase/firebase-ios-sdk";
			requirement = {
				branch = master;
				kind = branch;
			};
		};
/* End XCRemoteSwiftPackageReference section */

/* Begin XCSwiftPackageProductDependency section */
		7B21325E28AC7E62009139CC /* FirebaseAnalytics */ = {
			isa = XCSwiftPackageProductDependency;
			package = 7B21325D28AC7E62009139CC /* XCRemoteSwiftPackageReference "firebase-ios-sdk" */;
			productName = FirebaseAnalytics;
		};
		7B21326028AC7E62009139CC /* FirebaseAnalyticsOnDeviceConversion */ = {
			isa = XCSwiftPackageProductDependency;
			package = 7B21325D28AC7E62009139CC /* XCRemoteSwiftPackageReference "firebase-ios-sdk" */;
			productName = FirebaseAnalyticsOnDeviceConversion;
		};
		7B21326228AC7E62009139CC /* FirebaseAnalyticsSwift */ = {
			isa = XCSwiftPackageProductDependency;
			package = 7B21325D28AC7E62009139CC /* XCRemoteSwiftPackageReference "firebase-ios-sdk" */;
			productName = FirebaseAnalyticsSwift;
		};
		7B21326428AC7E62009139CC /* FirebaseDatabase */ = {
			isa = XCSwiftPackageProductDependency;
			package = 7B21325D28AC7E62009139CC /* XCRemoteSwiftPackageReference "firebase-ios-sdk" */;
			productName = FirebaseDatabase;
		};
		7B21326628AC7E62009139CC /* FirebaseDatabaseSwift */ = {
			isa = XCSwiftPackageProductDependency;
			package = 7B21325D28AC7E62009139CC /* XCRemoteSwiftPackageReference "firebase-ios-sdk" */;
			productName = FirebaseDatabaseSwift;
		};
		7B21326928AC8468009139CC /* FirebaseAuth */ = {
			isa = XCSwiftPackageProductDependency;
			package = 7B21325D28AC7E62009139CC /* XCRemoteSwiftPackageReference "firebase-ios-sdk" */;
			productName = FirebaseAuth;
		};
		7B21326B28AC8468009139CC /* FirebaseAuthCombine-Community */ = {
			isa = XCSwiftPackageProductDependency;
			package = 7B21325D28AC7E62009139CC /* XCRemoteSwiftPackageReference "firebase-ios-sdk" */;
			productName = "FirebaseAuthCombine-Community";
		};
/* End XCSwiftPackageProductDependency section */
	};
	rootObject = 7B21323028AC573E009139CC /* Project object */;
}
